
Microsoft Visual Studio Solution File, Format Version 12.00
# Visual Studio Version 17
VisualStudioVersion = 17.11.35327.3
MinimumVisualStudioVersion = 10.0.40219.1
Project("{FAE04EC0-301F-11D3-BF4B-00C04F79EFBC}") = "BaiToanNhanSoNguyenLon", "BaiToanNhanSoNguyenLon.csproj", "{B70E8507-0912-4C18-B42B-C126D583CB4B}"
EndProject
Global
	GlobalSection(SolutionConfigurationPlatforms) = preSolution
		Debug|Any CPU = Debug|Any CPU
		Release|Any CPU = Release|Any CPU
	EndGlobalSection
	GlobalSection(ProjectConfigurationPlatforms) = postSolution
		{B70E8507-0912-4C18-B42B-C126D583CB4B}.Debug|Any CPU.ActiveCfg = Debug|Any CPU
		{B70E8507-0912-4C18-B42B-C126D583CB4B}.Debug|Any CPU.Build.0 = Debug|Any CPU
		{B70E8507-0912-4C18-B42B-C126D583CB4B}.Release|Any CPU.ActiveCfg = Release|Any CPU
		{B70E8507-0912-4C18-B42B-C126D583CB4B}.Release|Any CPU.Build.0 = Release|Any CPU
	EndGlobalSection
	GlobalSection(SolutionProperties) = preSolution
		HideSolutionNode = FALSE
	EndGlobalSection
	GlobalSection(ExtensibilityGlobals) = postSolution
		SolutionGuid = {B9414CA3-797F-4E71-BF99-5B4ECF4AE7AE}
	EndGlobalSection
EndGlobal
